// !$*UTF8*$!
{
	archiveVersion = 1;
	classes = {
	};
	objectVersion = 55;
	objects = {

/* Begin PBXBuildFile section */
		C621740A28B5FD8400AF967E /* WelcomeView.swift in Sources */ = {isa = PBXBuildFile; fileRef = C621740928B5FD8400AF967E /* WelcomeView.swift */; };
		C621740C28B5FD9200AF967E /* PhoneNumberView.swift in Sources */ = {isa = PBXBuildFile; fileRef = C621740B28B5FD9200AF967E /* PhoneNumberView.swift */; };
		C621740E28B5FDA700AF967E /* VerificationVIew.swift in Sources */ = {isa = PBXBuildFile; fileRef = C621740D28B5FDA700AF967E /* VerificationVIew.swift */; };
		C621741028B5FDD000AF967E /* CreateProfileView.swift in Sources */ = {isa = PBXBuildFile; fileRef = C621740F28B5FDD000AF967E /* CreateProfileView.swift */; };
		C621741228B5FDDE00AF967E /* SyncContactsView.swift in Sources */ = {isa = PBXBuildFile; fileRef = C621741128B5FDDE00AF967E /* SyncContactsView.swift */; };
		C621741428B61F8700AF967E /* OnboardingButtonStyle.swift in Sources */ = {isa = PBXBuildFile; fileRef = C621741328B61F8700AF967E /* OnboardingButtonStyle.swift */; };
		C65A852E28B9AB1200088AF3 /* ImagePicker.swift in Sources */ = {isa = PBXBuildFile; fileRef = C65A852D28B9AB1200088AF3 /* ImagePicker.swift */; };
		C65A853228BCA62200088AF3 /* ContactsListView.swift in Sources */ = {isa = PBXBuildFile; fileRef = C65A853128BCA62200088AF3 /* ContactsListView.swift */; };
		C65A853428BCA63200088AF3 /* ChatsListView.swift in Sources */ = {isa = PBXBuildFile; fileRef = C65A853328BCA63200088AF3 /* ChatsListView.swift */; };
		C65A853628BCB80900088AF3 /* ContanctRow.swift in Sources */ = {isa = PBXBuildFile; fileRef = C65A853528BCB80900088AF3 /* ContanctRow.swift */; };
		C65A853828BF3A0900088AF3 /* ConversationView.swift in Sources */ = {isa = PBXBuildFile; fileRef = C65A853728BF3A0900088AF3 /* ConversationView.swift */; };
		C65A853B28BF3D9900088AF3 /* ProfilePicView.swift in Sources */ = {isa = PBXBuildFile; fileRef = C65A853A28BF3D9900088AF3 /* ProfilePicView.swift */; };
		C65A853D28BF502B00088AF3 /* RoundedCornerExtension.swift in Sources */ = {isa = PBXBuildFile; fileRef = C65A853C28BF502B00088AF3 /* RoundedCornerExtension.swift */; };
		C65A853F28BF96A300088AF3 /* Chat.swift in Sources */ = {isa = PBXBuildFile; fileRef = C65A853E28BF96A300088AF3 /* Chat.swift */; };
		C6B5378E28B10CA100C0FDCF /* swiftui_chatApp.swift in Sources */ = {isa = PBXBuildFile; fileRef = C6B5378D28B10CA100C0FDCF /* swiftui_chatApp.swift */; };
		C6B5379028B10CA100C0FDCF /* RootView.swift in Sources */ = {isa = PBXBuildFile; fileRef = C6B5378F28B10CA100C0FDCF /* RootView.swift */; };
		C6B5379228B10CA200C0FDCF /* Assets.xcassets in Resources */ = {isa = PBXBuildFile; fileRef = C6B5379128B10CA200C0FDCF /* Assets.xcassets */; };
		C6B5379528B10CA200C0FDCF /* Preview Assets.xcassets in Resources */ = {isa = PBXBuildFile; fileRef = C6B5379428B10CA200C0FDCF /* Preview Assets.xcassets */; };
		C6B537A528B1111400C0FDCF /* LexendDeca-Bold.ttf in Resources */ = {isa = PBXBuildFile; fileRef = C6B537A228B1111400C0FDCF /* LexendDeca-Bold.ttf */; };
		C6B537A628B1111400C0FDCF /* LexendDeca-Regular.ttf in Resources */ = {isa = PBXBuildFile; fileRef = C6B537A328B1111400C0FDCF /* LexendDeca-Regular.ttf */; };
		C6B537A728B1111400C0FDCF /* LexendDeca-SemiBold.ttf in Resources */ = {isa = PBXBuildFile; fileRef = C6B537A428B1111400C0FDCF /* LexendDeca-SemiBold.ttf */; };
		C6B537AA28B117BA00C0FDCF /* Fonts.swift in Sources */ = {isa = PBXBuildFile; fileRef = C6B537A928B117BA00C0FDCF /* Fonts.swift */; };
		C6B537AD28B360DA00C0FDCF /* CustomTabBar.swift in Sources */ = {isa = PBXBuildFile; fileRef = C6B537AC28B360DA00C0FDCF /* CustomTabBar.swift */; };
		C6B537AF28B3695C00C0FDCF /* TabBarButton.swift in Sources */ = {isa = PBXBuildFile; fileRef = C6B537AE28B3695C00C0FDCF /* TabBarButton.swift */; };
		C6B537B128B3727B00C0FDCF /* GoogleService-Info.plist in Resources */ = {isa = PBXBuildFile; fileRef = C6B537B028B3727B00C0FDCF /* GoogleService-Info.plist */; };
		C6B537B428B375F600C0FDCF /* FirebaseAuth in Frameworks */ = {isa = PBXBuildFile; productRef = C6B537B328B375F600C0FDCF /* FirebaseAuth */; };
		C6B537B628B375F600C0FDCF /* FirebaseFirestore in Frameworks */ = {isa = PBXBuildFile; productRef = C6B537B528B375F600C0FDCF /* FirebaseFirestore */; };
		C6B537B828B375F600C0FDCF /* FirebaseFirestoreSwift in Frameworks */ = {isa = PBXBuildFile; productRef = C6B537B728B375F600C0FDCF /* FirebaseFirestoreSwift */; };
		C6B537BA28B375F600C0FDCF /* FirebaseStorage in Frameworks */ = {isa = PBXBuildFile; productRef = C6B537B928B375F600C0FDCF /* FirebaseStorage */; };
		C6B537BC28B376B300C0FDCF /* AppDelegate.swift in Sources */ = {isa = PBXBuildFile; fileRef = C6B537BB28B376B300C0FDCF /* AppDelegate.swift */; };
		C6B537BF28B3B80600C0FDCF /* AuthViewModel.swift in Sources */ = {isa = PBXBuildFile; fileRef = C6B537BE28B3B80600C0FDCF /* AuthViewModel.swift */; };
		C6B537C228B5FAF600C0FDCF /* OnboadingContainerView.swift in Sources */ = {isa = PBXBuildFile; fileRef = C6B537C128B5FAF600C0FDCF /* OnboadingContainerView.swift */; };
		C6CF16FD28B660C1001C23A7 /* CreateProfileTextfieldStyle.swift in Sources */ = {isa = PBXBuildFile; fileRef = C6CF16FC28B660C1001C23A7 /* CreateProfileTextfieldStyle.swift */; };
		C6CF170128B6F08B001C23A7 /* ContactsViewModel.swift in Sources */ = {isa = PBXBuildFile; fileRef = C6CF170028B6F08B001C23A7 /* ContactsViewModel.swift */; };
		C6CF170328B6F908001C23A7 /* User.swift in Sources */ = {isa = PBXBuildFile; fileRef = C6CF170228B6F908001C23A7 /* User.swift */; };
		C6CF170528B77AD2001C23A7 /* DatabaseService.swift in Sources */ = {isa = PBXBuildFile; fileRef = C6CF170428B77AD2001C23A7 /* DatabaseService.swift */; };
		C6CF170728B7AA9F001C23A7 /* TextHelper.swift in Sources */ = {isa = PBXBuildFile; fileRef = C6CF170628B7AA9F001C23A7 /* TextHelper.swift */; };
/* End PBXBuildFile section */

/* Begin PBXFileReference section */
		C621740928B5FD8400AF967E /* WelcomeView.swift */ = {isa = PBXFileReference; lastKnownFileType = sourcecode.swift; path = WelcomeView.swift; sourceTree = "<group>"; };
		C621740B28B5FD9200AF967E /* PhoneNumberView.swift */ = {isa = PBXFileReference; lastKnownFileType = sourcecode.swift; path = PhoneNumberView.swift; sourceTree = "<group>"; };
		C621740D28B5FDA700AF967E /* VerificationVIew.swift */ = {isa = PBXFileReference; lastKnownFileType = sourcecode.swift; path = VerificationVIew.swift; sourceTree = "<group>"; };
		C621740F28B5FDD000AF967E /* CreateProfileView.swift */ = {isa = PBXFileReference; lastKnownFileType = sourcecode.swift; path = CreateProfileView.swift; sourceTree = "<group>"; };
		C621741128B5FDDE00AF967E /* SyncContactsView.swift */ = {isa = PBXFileReference; lastKnownFileType = sourcecode.swift; path = SyncContactsView.swift; sourceTree = "<group>"; };
		C621741328B61F8700AF967E /* OnboardingButtonStyle.swift */ = {isa = PBXFileReference; lastKnownFileType = sourcecode.swift; path = OnboardingButtonStyle.swift; sourceTree = "<group>"; };
		C65A852D28B9AB1200088AF3 /* ImagePicker.swift */ = {isa = PBXFileReference; lastKnownFileType = sourcecode.swift; path = ImagePicker.swift; sourceTree = "<group>"; };
		C65A853128BCA62200088AF3 /* ContactsListView.swift */ = {isa = PBXFileReference; lastKnownFileType = sourcecode.swift; path = ContactsListView.swift; sourceTree = "<group>"; };
		C65A853328BCA63200088AF3 /* ChatsListView.swift */ = {isa = PBXFileReference; lastKnownFileType = sourcecode.swift; path = ChatsListView.swift; sourceTree = "<group>"; };
		C65A853528BCB80900088AF3 /* ContanctRow.swift */ = {isa = PBXFileReference; lastKnownFileType = sourcecode.swift; path = ContanctRow.swift; sourceTree = "<group>"; };
		C65A853728BF3A0900088AF3 /* ConversationView.swift */ = {isa = PBXFileReference; lastKnownFileType = sourcecode.swift; path = ConversationView.swift; sourceTree = "<group>"; };
		C65A853A28BF3D9900088AF3 /* ProfilePicView.swift */ = {isa = PBXFileReference; lastKnownFileType = sourcecode.swift; path = ProfilePicView.swift; sourceTree = "<group>"; };
		C65A853C28BF502B00088AF3 /* RoundedCornerExtension.swift */ = {isa = PBXFileReference; lastKnownFileType = sourcecode.swift; path = RoundedCornerExtension.swift; sourceTree = "<group>"; };
		C65A853E28BF96A300088AF3 /* Chat.swift */ = {isa = PBXFileReference; lastKnownFileType = sourcecode.swift; path = Chat.swift; sourceTree = "<group>"; };
		C6B5378A28B10CA100C0FDCF /* swiftui-chat.app */ = {isa = PBXFileReference; explicitFileType = wrapper.application; includeInIndex = 0; path = "swiftui-chat.app"; sourceTree = BUILT_PRODUCTS_DIR; };
		C6B5378D28B10CA100C0FDCF /* swiftui_chatApp.swift */ = {isa = PBXFileReference; lastKnownFileType = sourcecode.swift; path = swiftui_chatApp.swift; sourceTree = "<group>"; };
		C6B5378F28B10CA100C0FDCF /* RootView.swift */ = {isa = PBXFileReference; lastKnownFileType = sourcecode.swift; path = RootView.swift; sourceTree = "<group>"; };
		C6B5379128B10CA200C0FDCF /* Assets.xcassets */ = {isa = PBXFileReference; lastKnownFileType = folder.assetcatalog; path = Assets.xcassets; sourceTree = "<group>"; };
		C6B5379428B10CA200C0FDCF /* Preview Assets.xcassets */ = {isa = PBXFileReference; lastKnownFileType = folder.assetcatalog; path = "Preview Assets.xcassets"; sourceTree = "<group>"; };
		C6B537A228B1111400C0FDCF /* LexendDeca-Bold.ttf */ = {isa = PBXFileReference; lastKnownFileType = file; path = "LexendDeca-Bold.ttf"; sourceTree = "<group>"; };
		C6B537A328B1111400C0FDCF /* LexendDeca-Regular.ttf */ = {isa = PBXFileReference; lastKnownFileType = file; path = "LexendDeca-Regular.ttf"; sourceTree = "<group>"; };
		C6B537A428B1111400C0FDCF /* LexendDeca-SemiBold.ttf */ = {isa = PBXFileReference; lastKnownFileType = file; path = "LexendDeca-SemiBold.ttf"; sourceTree = "<group>"; };
		C6B537A828B113FA00C0FDCF /* Info.plist */ = {isa = PBXFileReference; lastKnownFileType = text.plist; path = Info.plist; sourceTree = "<group>"; };
		C6B537A928B117BA00C0FDCF /* Fonts.swift */ = {isa = PBXFileReference; lastKnownFileType = sourcecode.swift; path = Fonts.swift; sourceTree = "<group>"; };
		C6B537AC28B360DA00C0FDCF /* CustomTabBar.swift */ = {isa = PBXFileReference; lastKnownFileType = sourcecode.swift; path = CustomTabBar.swift; sourceTree = "<group>"; };
		C6B537AE28B3695C00C0FDCF /* TabBarButton.swift */ = {isa = PBXFileReference; lastKnownFileType = sourcecode.swift; path = TabBarButton.swift; sourceTree = "<group>"; };
		C6B537B028B3727B00C0FDCF /* GoogleService-Info.plist */ = {isa = PBXFileReference; lastKnownFileType = text.plist; path = "GoogleService-Info.plist"; sourceTree = SOURCE_ROOT; };
		C6B537BB28B376B300C0FDCF /* AppDelegate.swift */ = {isa = PBXFileReference; lastKnownFileType = sourcecode.swift; path = AppDelegate.swift; sourceTree = "<group>"; };
		C6B537BD28B37A7700C0FDCF /* swiftui-chatRelease.entitlements */ = {isa = PBXFileReference; lastKnownFileType = text.plist.entitlements; path = "swiftui-chatRelease.entitlements"; sourceTree = "<group>"; };
		C6B537BE28B3B80600C0FDCF /* AuthViewModel.swift */ = {isa = PBXFileReference; lastKnownFileType = sourcecode.swift; path = AuthViewModel.swift; sourceTree = "<group>"; };
		C6B537C128B5FAF600C0FDCF /* OnboadingContainerView.swift */ = {isa = PBXFileReference; lastKnownFileType = sourcecode.swift; path = OnboadingContainerView.swift; sourceTree = "<group>"; };
		C6CF16FC28B660C1001C23A7 /* CreateProfileTextfieldStyle.swift */ = {isa = PBXFileReference; lastKnownFileType = sourcecode.swift; path = CreateProfileTextfieldStyle.swift; sourceTree = "<group>"; };
		C6CF170028B6F08B001C23A7 /* ContactsViewModel.swift */ = {isa = PBXFileReference; lastKnownFileType = sourcecode.swift; path = ContactsViewModel.swift; sourceTree = "<group>"; };
		C6CF170228B6F908001C23A7 /* User.swift */ = {isa = PBXFileReference; lastKnownFileType = sourcecode.swift; path = User.swift; sourceTree = "<group>"; };
		C6CF170428B77AD2001C23A7 /* DatabaseService.swift */ = {isa = PBXFileReference; lastKnownFileType = sourcecode.swift; path = DatabaseService.swift; sourceTree = "<group>"; };
		C6CF170628B7AA9F001C23A7 /* TextHelper.swift */ = {isa = PBXFileReference; lastKnownFileType = sourcecode.swift; path = TextHelper.swift; sourceTree = "<group>"; };
/* End PBXFileReference section */

/* Begin PBXFrameworksBuildPhase section */
		C6B5378728B10CA100C0FDCF /* Frameworks */ = {
			isa = PBXFrameworksBuildPhase;
			buildActionMask = 2147483647;
			files = (
				C6B537B428B375F600C0FDCF /* FirebaseAuth in Frameworks */,
				C6B537BA28B375F600C0FDCF /* FirebaseStorage in Frameworks */,
				C6B537B628B375F600C0FDCF /* FirebaseFirestore in Frameworks */,
				C6B537B828B375F600C0FDCF /* FirebaseFirestoreSwift in Frameworks */,
			);
			runOnlyForDeploymentPostprocessing = 0;
		};
/* End PBXFrameworksBuildPhase section */

/* Begin PBXGroup section */
		C65A852F28BCA5D700088AF3 /* Chats View */ = {
			isa = PBXGroup;
			children = (
				C65A853328BCA63200088AF3 /* ChatsListView.swift */,
				C65A853728BF3A0900088AF3 /* ConversationView.swift */,
			);
			path = "Chats View";
			sourceTree = "<group>";
		};
		C65A853028BCA5ED00088AF3 /* Contacts View */ = {
			isa = PBXGroup;
			children = (
				C65A853128BCA62200088AF3 /* ContactsListView.swift */,
				C65A853528BCB80900088AF3 /* ContanctRow.swift */,
			);
			path = "Contacts View";
			sourceTree = "<group>";
		};
		C65A853928BF3D3E00088AF3 /* Misc */ = {
			isa = PBXGroup;
			children = (
				C65A853A28BF3D9900088AF3 /* ProfilePicView.swift */,
			);
			path = Misc;
			sourceTree = "<group>";
		};
		C6B5378128B10CA100C0FDCF = {
			isa = PBXGroup;
			children = (
				C6B5378C28B10CA100C0FDCF /* swiftui-chat */,
				C6B5378B28B10CA100C0FDCF /* Products */,
			);
			sourceTree = "<group>";
		};
		C6B5378B28B10CA100C0FDCF /* Products */ = {
			isa = PBXGroup;
			children = (
				C6B5378A28B10CA100C0FDCF /* swiftui-chat.app */,
			);
			name = Products;
			sourceTree = "<group>";
		};
		C6B5378C28B10CA100C0FDCF /* swiftui-chat */ = {
			isa = PBXGroup;
			children = (
				C6B537BD28B37A7700C0FDCF /* swiftui-chatRelease.entitlements */,
				C6B537A828B113FA00C0FDCF /* Info.plist */,
				C6B537B028B3727B00C0FDCF /* GoogleService-Info.plist */,
				C6B537BB28B376B300C0FDCF /* AppDelegate.swift */,
				C6B5378D28B10CA100C0FDCF /* swiftui_chatApp.swift */,
				C6B5379B28B10CDB00C0FDCF /* Views */,
				C6B5379C28B10CE000C0FDCF /* ViewModes */,
				C6B5379D28B10CEB00C0FDCF /* Models */,
				C6B5379F28B10CF800C0FDCF /* Services */,
				C6B5379E28B10CF000C0FDCF /* Helpers */,
				C6B537A028B10D3D00C0FDCF /* Fonts */,
				C6B5379128B10CA200C0FDCF /* Assets.xcassets */,
				C6B5379328B10CA200C0FDCF /* Preview Content */,
			);
			path = "swiftui-chat";
			sourceTree = "<group>";
		};
		C6B5379328B10CA200C0FDCF /* Preview Content */ = {
			isa = PBXGroup;
			children = (
				C6B5379428B10CA200C0FDCF /* Preview Assets.xcassets */,
			);
			path = "Preview Content";
			sourceTree = "<group>";
		};
		C6B5379B28B10CDB00C0FDCF /* Views */ = {
			isa = PBXGroup;
			children = (
				C6B5378F28B10CA100C0FDCF /* RootView.swift */,
				C6B537C028B5FABE00C0FDCF /* Onboarding */,
				C65A852F28BCA5D700088AF3 /* Chats View */,
				C65A853028BCA5ED00088AF3 /* Contacts View */,
				C65A853928BF3D3E00088AF3 /* Misc */,
				C6B537AB28B360BA00C0FDCF /* Custom Tab Bar */,
			);
			path = Views;
			sourceTree = "<group>";
		};
		C6B5379C28B10CE000C0FDCF /* ViewModes */ = {
			isa = PBXGroup;
			children = (
				C6B537BE28B3B80600C0FDCF /* AuthViewModel.swift */,
				C6CF170028B6F08B001C23A7 /* ContactsViewModel.swift */,
			);
			path = ViewModes;
			sourceTree = "<group>";
		};
		C6B5379D28B10CEB00C0FDCF /* Models */ = {
			isa = PBXGroup;
			children = (
				C6CF170228B6F908001C23A7 /* User.swift */,
				C65A853E28BF96A300088AF3 /* Chat.swift */,
			);
			path = Models;
			sourceTree = "<group>";
		};
		C6B5379E28B10CF000C0FDCF /* Helpers */ = {
			isa = PBXGroup;
			children = (
				C6B537A928B117BA00C0FDCF /* Fonts.swift */,
				C621741328B61F8700AF967E /* OnboardingButtonStyle.swift */,
				C6CF16FC28B660C1001C23A7 /* CreateProfileTextfieldStyle.swift */,
				C6CF170628B7AA9F001C23A7 /* TextHelper.swift */,
				C65A853C28BF502B00088AF3 /* RoundedCornerExtension.swift */,
			);
			path = Helpers;
			sourceTree = "<group>";
		};
		C6B5379F28B10CF800C0FDCF /* Services */ = {
			isa = PBXGroup;
			children = (
				C6CF170428B77AD2001C23A7 /* DatabaseService.swift */,
			);
			path = Services;
			sourceTree = "<group>";
		};
		C6B537A028B10D3D00C0FDCF /* Fonts */ = {
			isa = PBXGroup;
			children = (
				C6B537A228B1111400C0FDCF /* LexendDeca-Bold.ttf */,
				C6B537A328B1111400C0FDCF /* LexendDeca-Regular.ttf */,
				C6B537A428B1111400C0FDCF /* LexendDeca-SemiBold.ttf */,
			);
			path = Fonts;
			sourceTree = "<group>";
		};
		C6B537AB28B360BA00C0FDCF /* Custom Tab Bar */ = {
			isa = PBXGroup;
			children = (
				C6B537AC28B360DA00C0FDCF /* CustomTabBar.swift */,
				C6B537AE28B3695C00C0FDCF /* TabBarButton.swift */,
			);
			path = "Custom Tab Bar";
			sourceTree = "<group>";
		};
		C6B537C028B5FABE00C0FDCF /* Onboarding */ = {
			isa = PBXGroup;
			children = (
				C6B537C128B5FAF600C0FDCF /* OnboadingContainerView.swift */,
				C621740928B5FD8400AF967E /* WelcomeView.swift */,
				C621740B28B5FD9200AF967E /* PhoneNumberView.swift */,
				C621740D28B5FDA700AF967E /* VerificationVIew.swift */,
				C621740F28B5FDD000AF967E /* CreateProfileView.swift */,
				C65A852D28B9AB1200088AF3 /* ImagePicker.swift */,
				C621741128B5FDDE00AF967E /* SyncContactsView.swift */,
			);
			path = Onboarding;
			sourceTree = "<group>";
		};
/* End PBXGroup section */

/* Begin PBXNativeTarget section */
		C6B5378928B10CA100C0FDCF /* swiftui-chat */ = {
			isa = PBXNativeTarget;
			buildConfigurationList = C6B5379828B10CA200C0FDCF /* Build configuration list for PBXNativeTarget "swiftui-chat" */;
			buildPhases = (
				C6B5378628B10CA100C0FDCF /* Sources */,
				C6B5378728B10CA100C0FDCF /* Frameworks */,
				C6B5378828B10CA100C0FDCF /* Resources */,
			);
			buildRules = (
			);
			dependencies = (
			);
			name = "swiftui-chat";
			packageProductDependencies = (
				C6B537B328B375F600C0FDCF /* FirebaseAuth */,
				C6B537B528B375F600C0FDCF /* FirebaseFirestore */,
				C6B537B728B375F600C0FDCF /* FirebaseFirestoreSwift */,
				C6B537B928B375F600C0FDCF /* FirebaseStorage */,
			);
			productName = "swiftui-chat";
			productReference = C6B5378A28B10CA100C0FDCF /* swiftui-chat.app */;
			productType = "com.apple.product-type.application";
		};
/* End PBXNativeTarget section */

/* Begin PBXProject section */
		C6B5378228B10CA100C0FDCF /* Project object */ = {
			isa = PBXProject;
			attributes = {
				BuildIndependentTargetsInParallel = 1;
				LastSwiftUpdateCheck = 1340;
				LastUpgradeCheck = 1340;
				TargetAttributes = {
					C6B5378928B10CA100C0FDCF = {
						CreatedOnToolsVersion = 13.4.1;
					};
				};
			};
			buildConfigurationList = C6B5378528B10CA100C0FDCF /* Build configuration list for PBXProject "swiftui-chat" */;
			compatibilityVersion = "Xcode 13.0";
			developmentRegion = en;
			hasScannedForEncodings = 0;
			knownRegions = (
				en,
				Base,
			);
			mainGroup = C6B5378128B10CA100C0FDCF;
			packageReferences = (
				C6B537B228B375F600C0FDCF /* XCRemoteSwiftPackageReference "firebase-ios-sdk" */,
			);
			productRefGroup = C6B5378B28B10CA100C0FDCF /* Products */;
			projectDirPath = "";
			projectRoot = "";
			targets = (
				C6B5378928B10CA100C0FDCF /* swiftui-chat */,
			);
		};
/* End PBXProject section */

/* Begin PBXResourcesBuildPhase section */
		C6B5378828B10CA100C0FDCF /* Resources */ = {
			isa = PBXResourcesBuildPhase;
			buildActionMask = 2147483647;
			files = (
				C6B5379528B10CA200C0FDCF /* Preview Assets.xcassets in Resources */,
				C6B5379228B10CA200C0FDCF /* Assets.xcassets in Resources */,
				C6B537A728B1111400C0FDCF /* LexendDeca-SemiBold.ttf in Resources */,
				C6B537A628B1111400C0FDCF /* LexendDeca-Regular.ttf in Resources */,
				C6B537A528B1111400C0FDCF /* LexendDeca-Bold.ttf in Resources */,
				C6B537B128B3727B00C0FDCF /* GoogleService-Info.plist in Resources */,
			);
			runOnlyForDeploymentPostprocessing = 0;
		};
/* End PBXResourcesBuildPhase section */

/* Begin PBXSourcesBuildPhase section */
		C6B5378628B10CA100C0FDCF /* Sources */ = {
			isa = PBXSourcesBuildPhase;
			buildActionMask = 2147483647;
			files = (
				C65A853628BCB80900088AF3 /* ContanctRow.swift in Sources */,
				C6CF170528B77AD2001C23A7 /* DatabaseService.swift in Sources */,
				C6CF16FD28B660C1001C23A7 /* CreateProfileTextfieldStyle.swift in Sources */,
				C621741228B5FDDE00AF967E /* SyncContactsView.swift in Sources */,
				C6B537BC28B376B300C0FDCF /* AppDelegate.swift in Sources */,
				C6CF170728B7AA9F001C23A7 /* TextHelper.swift in Sources */,
				C6B537AD28B360DA00C0FDCF /* CustomTabBar.swift in Sources */,
				C6B5379028B10CA100C0FDCF /* RootView.swift in Sources */,
				C6B537BF28B3B80600C0FDCF /* AuthViewModel.swift in Sources */,
				C65A853428BCA63200088AF3 /* ChatsListView.swift in Sources */,
				C621740A28B5FD8400AF967E /* WelcomeView.swift in Sources */,
				C6B537AA28B117BA00C0FDCF /* Fonts.swift in Sources */,
				C621741028B5FDD000AF967E /* CreateProfileView.swift in Sources */,
				C6CF170328B6F908001C23A7 /* User.swift in Sources */,
				C621740C28B5FD9200AF967E /* PhoneNumberView.swift in Sources */,
				C6B537AF28B3695C00C0FDCF /* TabBarButton.swift in Sources */,
				C621740E28B5FDA700AF967E /* VerificationVIew.swift in Sources */,
				C6B537C228B5FAF600C0FDCF /* OnboadingContainerView.swift in Sources */,
				C65A853228BCA62200088AF3 /* ContactsListView.swift in Sources */,
				C6CF170128B6F08B001C23A7 /* ContactsViewModel.swift in Sources */,
				C65A852E28B9AB1200088AF3 /* ImagePicker.swift in Sources */,
				C621741428B61F8700AF967E /* OnboardingButtonStyle.swift in Sources */,
				C65A853F28BF96A300088AF3 /* Chat.swift in Sources */,
				C65A853D28BF502B00088AF3 /* RoundedCornerExtension.swift in Sources */,
				C6B5378E28B10CA100C0FDCF /* swiftui_chatApp.swift in Sources */,
				C65A853B28BF3D9900088AF3 /* ProfilePicView.swift in Sources */,
				C65A853828BF3A0900088AF3 /* ConversationView.swift in Sources */,
			);
			runOnlyForDeploymentPostprocessing = 0;
		};
/* End PBXSourcesBuildPhase section */

/* Begin XCBuildConfiguration section */
		C6B5379628B10CA200C0FDCF /* Debug */ = {
			isa = XCBuildConfiguration;
			buildSettings = {
				ALWAYS_SEARCH_USER_PATHS = NO;
				CLANG_ANALYZER_NONNULL = YES;
				CLANG_ANALYZER_NUMBER_OBJECT_CONVERSION = YES_AGGRESSIVE;
				CLANG_CXX_LANGUAGE_STANDARD = "gnu++17";
				CLANG_ENABLE_MODULES = YES;
				CLANG_ENABLE_OBJC_ARC = YES;
				CLANG_ENABLE_OBJC_WEAK = YES;
				CLANG_WARN_BLOCK_CAPTURE_AUTORELEASING = YES;
				CLANG_WARN_BOOL_CONVERSION = YES;
				CLANG_WARN_COMMA = YES;
				CLANG_WARN_CONSTANT_CONVERSION = YES;
				CLANG_WARN_DEPRECATED_OBJC_IMPLEMENTATIONS = YES;
				CLANG_WARN_DIRECT_OBJC_ISA_USAGE = YES_ERROR;
				CLANG_WARN_DOCUMENTATION_COMMENTS = YES;
				CLANG_WARN_EMPTY_BODY = YES;
				CLANG_WARN_ENUM_CONVERSION = YES;
				CLANG_WARN_INFINITE_RECURSION = YES;
				CLANG_WARN_INT_CONVERSION = YES;
				CLANG_WARN_NON_LITERAL_NULL_CONVERSION = YES;
				CLANG_WARN_OBJC_IMPLICIT_RETAIN_SELF = YES;
				CLANG_WARN_OBJC_LITERAL_CONVERSION = YES;
				CLANG_WARN_OBJC_ROOT_CLASS = YES_ERROR;
				CLANG_WARN_QUOTED_INCLUDE_IN_FRAMEWORK_HEADER = YES;
				CLANG_WARN_RANGE_LOOP_ANALYSIS = YES;
				CLANG_WARN_STRICT_PROTOTYPES = YES;
				CLANG_WARN_SUSPICIOUS_MOVE = YES;
				CLANG_WARN_UNGUARDED_AVAILABILITY = YES_AGGRESSIVE;
				CLANG_WARN_UNREACHABLE_CODE = YES;
				CLANG_WARN__DUPLICATE_METHOD_MATCH = YES;
				COPY_PHASE_STRIP = NO;
				DEBUG_INFORMATION_FORMAT = dwarf;
				ENABLE_STRICT_OBJC_MSGSEND = YES;
				ENABLE_TESTABILITY = YES;
				GCC_C_LANGUAGE_STANDARD = gnu11;
				GCC_DYNAMIC_NO_PIC = NO;
				GCC_NO_COMMON_BLOCKS = YES;
				GCC_OPTIMIZATION_LEVEL = 0;
				GCC_PREPROCESSOR_DEFINITIONS = (
					"DEBUG=1",
					"$(inherited)",
				);
				GCC_WARN_64_TO_32_BIT_CONVERSION = YES;
				GCC_WARN_ABOUT_RETURN_TYPE = YES_ERROR;
				GCC_WARN_UNDECLARED_SELECTOR = YES;
				GCC_WARN_UNINITIALIZED_AUTOS = YES_AGGRESSIVE;
				GCC_WARN_UNUSED_FUNCTION = YES;
				GCC_WARN_UNUSED_VARIABLE = YES;
				IPHONEOS_DEPLOYMENT_TARGET = 15.5;
				MTL_ENABLE_DEBUG_INFO = INCLUDE_SOURCE;
				MTL_FAST_MATH = YES;
				ONLY_ACTIVE_ARCH = YES;
				SDKROOT = iphoneos;
				SWIFT_ACTIVE_COMPILATION_CONDITIONS = DEBUG;
				SWIFT_OPTIMIZATION_LEVEL = "-Onone";
			};
			name = Debug;
		};
		C6B5379728B10CA200C0FDCF /* Release */ = {
			isa = XCBuildConfiguration;
			buildSettings = {
				ALWAYS_SEARCH_USER_PATHS = NO;
				CLANG_ANALYZER_NONNULL = YES;
				CLANG_ANALYZER_NUMBER_OBJECT_CONVERSION = YES_AGGRESSIVE;
				CLANG_CXX_LANGUAGE_STANDARD = "gnu++17";
				CLANG_ENABLE_MODULES = YES;
				CLANG_ENABLE_OBJC_ARC = YES;
				CLANG_ENABLE_OBJC_WEAK = YES;
				CLANG_WARN_BLOCK_CAPTURE_AUTORELEASING = YES;
				CLANG_WARN_BOOL_CONVERSION = YES;
				CLANG_WARN_COMMA = YES;
				CLANG_WARN_CONSTANT_CONVERSION = YES;
				CLANG_WARN_DEPRECATED_OBJC_IMPLEMENTATIONS = YES;
				CLANG_WARN_DIRECT_OBJC_ISA_USAGE = YES_ERROR;
				CLANG_WARN_DOCUMENTATION_COMMENTS = YES;
				CLANG_WARN_EMPTY_BODY = YES;
				CLANG_WARN_ENUM_CONVERSION = YES;
				CLANG_WARN_INFINITE_RECURSION = YES;
				CLANG_WARN_INT_CONVERSION = YES;
				CLANG_WARN_NON_LITERAL_NULL_CONVERSION = YES;
				CLANG_WARN_OBJC_IMPLICIT_RETAIN_SELF = YES;
				CLANG_WARN_OBJC_LITERAL_CONVERSION = YES;
				CLANG_WARN_OBJC_ROOT_CLASS = YES_ERROR;
				CLANG_WARN_QUOTED_INCLUDE_IN_FRAMEWORK_HEADER = YES;
				CLANG_WARN_RANGE_LOOP_ANALYSIS = YES;
				CLANG_WARN_STRICT_PROTOTYPES = YES;
				CLANG_WARN_SUSPICIOUS_MOVE = YES;
				CLANG_WARN_UNGUARDED_AVAILABILITY = YES_AGGRESSIVE;
				CLANG_WARN_UNREACHABLE_CODE = YES;
				CLANG_WARN__DUPLICATE_METHOD_MATCH = YES;
				COPY_PHASE_STRIP = NO;
				DEBUG_INFORMATION_FORMAT = "dwarf-with-dsym";
				ENABLE_NS_ASSERTIONS = NO;
				ENABLE_STRICT_OBJC_MSGSEND = YES;
				GCC_C_LANGUAGE_STANDARD = gnu11;
				GCC_NO_COMMON_BLOCKS = YES;
				GCC_WARN_64_TO_32_BIT_CONVERSION = YES;
				GCC_WARN_ABOUT_RETURN_TYPE = YES_ERROR;
				GCC_WARN_UNDECLARED_SELECTOR = YES;
				GCC_WARN_UNINITIALIZED_AUTOS = YES_AGGRESSIVE;
				GCC_WARN_UNUSED_FUNCTION = YES;
				GCC_WARN_UNUSED_VARIABLE = YES;
				IPHONEOS_DEPLOYMENT_TARGET = 15.5;
				MTL_ENABLE_DEBUG_INFO = NO;
				MTL_FAST_MATH = YES;
				SDKROOT = iphoneos;
				SWIFT_COMPILATION_MODE = wholemodule;
				SWIFT_OPTIMIZATION_LEVEL = "-O";
				VALIDATE_PRODUCT = YES;
			};
			name = Release;
		};
		C6B5379928B10CA200C0FDCF /* Debug */ = {
			isa = XCBuildConfiguration;
			buildSettings = {
				ASSETCATALOG_COMPILER_APPICON_NAME = AppIcon;
				ASSETCATALOG_COMPILER_GLOBAL_ACCENT_COLOR_NAME = AccentColor;
				CODE_SIGN_STYLE = Automatic;
				CURRENT_PROJECT_VERSION = 1;
				DEVELOPMENT_ASSET_PATHS = "\"swiftui-chat/Preview Content\"";
				DEVELOPMENT_TEAM = T58Z8DUFMC;
				ENABLE_PREVIEWS = YES;
				GENERATE_INFOPLIST_FILE = YES;
				INFOPLIST_FILE = "swiftui-chat/Info.plist";
				INFOPLIST_KEY_UIApplicationSceneManifest_Generation = YES;
				INFOPLIST_KEY_UIApplicationSupportsIndirectInputEvents = YES;
				INFOPLIST_KEY_UILaunchScreen_Generation = YES;
				INFOPLIST_KEY_UISupportedInterfaceOrientations_iPad = "UIInterfaceOrientationPortrait UIInterfaceOrientationPortraitUpsideDown UIInterfaceOrientationLandscapeLeft UIInterfaceOrientationLandscapeRight";
				INFOPLIST_KEY_UISupportedInterfaceOrientations_iPhone = "UIInterfaceOrientationPortrait UIInterfaceOrientationLandscapeLeft UIInterfaceOrientationLandscapeRight";
				LD_RUNPATH_SEARCH_PATHS = (
					"$(inherited)",
					"@executable_path/Frameworks",
				);
				MARKETING_VERSION = 1.0;
				PRODUCT_BUNDLE_IDENTIFIER = "com.taiseishinoda.swiftui-chat";
				PRODUCT_NAME = "$(TARGET_NAME)";
				SWIFT_EMIT_LOC_STRINGS = YES;
				SWIFT_VERSION = 5.0;
				TARGETED_DEVICE_FAMILY = "1,2";
			};
			name = Debug;
		};
		C6B5379A28B10CA200C0FDCF /* Release */ = {
			isa = XCBuildConfiguration;
			buildSettings = {
				ASSETCATALOG_COMPILER_APPICON_NAME = AppIcon;
				ASSETCATALOG_COMPILER_GLOBAL_ACCENT_COLOR_NAME = AccentColor;
				CODE_SIGN_ENTITLEMENTS = "swiftui-chat/swiftui-chatRelease.entitlements";
				CODE_SIGN_STYLE = Manual;
				CURRENT_PROJECT_VERSION = 1;
				DEVELOPMENT_ASSET_PATHS = "\"swiftui-chat/Preview Content\"";
				DEVELOPMENT_TEAM = "";
				ENABLE_PREVIEWS = YES;
				GENERATE_INFOPLIST_FILE = YES;
				INFOPLIST_FILE = "swiftui-chat/Info.plist";
				INFOPLIST_KEY_UIApplicationSceneManifest_Generation = YES;
				INFOPLIST_KEY_UIApplicationSupportsIndirectInputEvents = YES;
				INFOPLIST_KEY_UILaunchScreen_Generation = YES;
				INFOPLIST_KEY_UISupportedInterfaceOrientations_iPad = "UIInterfaceOrientationPortrait UIInterfaceOrientationPortraitUpsideDown UIInterfaceOrientationLandscapeLeft UIInterfaceOrientationLandscapeRight";
				INFOPLIST_KEY_UISupportedInterfaceOrientations_iPhone = "UIInterfaceOrientationPortrait UIInterfaceOrientationLandscapeLeft UIInterfaceOrientationLandscapeRight";
				LD_RUNPATH_SEARCH_PATHS = (
					"$(inherited)",
					"@executable_path/Frameworks",
				);
				MARKETING_VERSION = 1.0;
				PRODUCT_BUNDLE_IDENTIFIER = "com.taiseishinoda.swiftui-chat";
				PRODUCT_NAME = "$(TARGET_NAME)";
				PROVISIONING_PROFILE_SPECIFIER = "";
				SWIFT_EMIT_LOC_STRINGS = YES;
				SWIFT_VERSION = 5.0;
				TARGETED_DEVICE_FAMILY = "1,2";
			};
			name = Release;
		};
/* End XCBuildConfiguration section */

/* Begin XCConfigurationList section */
		C6B5378528B10CA100C0FDCF /* Build configuration list for PBXProject "swiftui-chat" */ = {
			isa = XCConfigurationList;
			buildConfigurations = (
				C6B5379628B10CA200C0FDCF /* Debug */,
				C6B5379728B10CA200C0FDCF /* Release */,
			);
			defaultConfigurationIsVisible = 0;
			defaultConfigurationName = Release;
		};
		C6B5379828B10CA200C0FDCF /* Build configuration list for PBXNativeTarget "swiftui-chat" */ = {
			isa = XCConfigurationList;
			buildConfigurations = (
				C6B5379928B10CA200C0FDCF /* Debug */,
				C6B5379A28B10CA200C0FDCF /* Release */,
			);
			defaultConfigurationIsVisible = 0;
			defaultConfigurationName = Release;
		};
/* End XCConfigurationList section */

/* Begin XCRemoteSwiftPackageReference section */
		C6B537B228B375F600C0FDCF /* XCRemoteSwiftPackageReference "firebase-ios-sdk" */ = {
			isa = XCRemoteSwiftPackageReference;
			repositoryURL = "https://github.com/firebase/firebase-ios-sdk";
			requirement = {
				kind = upToNextMajorVersion;
				minimumVersion = 9.0.0;
			};
		};
/* End XCRemoteSwiftPackageReference section */

/* Begin XCSwiftPackageProductDependency section */
		C6B537B328B375F600C0FDCF /* FirebaseAuth */ = {
			isa = XCSwiftPackageProductDependency;
			package = C6B537B228B375F600C0FDCF /* XCRemoteSwiftPackageReference "firebase-ios-sdk" */;
			productName = FirebaseAuth;
		};
		C6B537B528B375F600C0FDCF /* FirebaseFirestore */ = {
			isa = XCSwiftPackageProductDependency;
			package = C6B537B228B375F600C0FDCF /* XCRemoteSwiftPackageReference "firebase-ios-sdk" */;
			productName = FirebaseFirestore;
		};
		C6B537B728B375F600C0FDCF /* FirebaseFirestoreSwift */ = {
			isa = XCSwiftPackageProductDependency;
			package = C6B537B228B375F600C0FDCF /* XCRemoteSwiftPackageReference "firebase-ios-sdk" */;
			productName = FirebaseFirestoreSwift;
		};
		C6B537B928B375F600C0FDCF /* FirebaseStorage */ = {
			isa = XCSwiftPackageProductDependency;
			package = C6B537B228B375F600C0FDCF /* XCRemoteSwiftPackageReference "firebase-ios-sdk" */;
			productName = FirebaseStorage;
		};
/* End XCSwiftPackageProductDependency section */
	};
	rootObject = C6B5378228B10CA100C0FDCF /* Project object */;
}
